
Microsoft Visual Studio Solution File, Format Version 12.00
# Visual Studio 15
VisualStudioVersion = 15.0.28010.2026
MinimumVisualStudioVersion = 10.0.40219.1
Project("{FAE04EC0-301F-11D3-BF4B-00C04F79EFBC}") = "Candies", "Candies\Candies.csproj", "{C3F0592A-582A-4C66-ACE6-6560A7F8C9CA}"
EndProject
Global
	GlobalSection(SolutionConfigurationPlatforms) = preSolution
		Debug|Any CPU = Debug|Any CPU
		Release|Any CPU = Release|Any CPU
	EndGlobalSection
	GlobalSection(ProjectConfigurationPlatforms) = postSolution
		{C3F0592A-582A-4C66-ACE6-6560A7F8C9CA}.Debug|Any CPU.ActiveCfg = Debug|Any CPU
		{C3F0592A-582A-4C66-ACE6-6560A7F8C9CA}.Debug|Any CPU.Build.0 = Debug|Any CPU
		{C3F0592A-582A-4C66-ACE6-6560A7F8C9CA}.Release|Any CPU.ActiveCfg = Release|Any CPU
		{C3F0592A-582A-4C66-ACE6-6560A7F8C9CA}.Release|Any CPU.Build.0 = Release|Any CPU
	EndGlobalSection
	GlobalSection(SolutionProperties) = preSolution
		HideSolutionNode = FALSE
	EndGlobalSection
	GlobalSection(ExtensibilityGlobals) = postSolution
		SolutionGuid = {AD9DF5EC-7968-4C8C-A556-C9A863B07B98}
	EndGlobalSection
EndGlobal
